
Microsoft Visual Studio Solution File, Format Version 12.00
# Visual Studio Version 17
VisualStudioVersion = 17.9.34728.123
MinimumVisualStudioVersion = 10.0.40219.1
Project("{FAE04EC0-301F-11D3-BF4B-00C04F79EFBC}") = "VogaisConsoantes", "VogaisConsoantes\VogaisConsoantes.csproj", "{F1485CF7-3DEC-499D-BBCB-A402E77260B9}"
EndProject
Global
	GlobalSection(SolutionConfigurationPlatforms) = preSolution
		Debug|Any CPU = Debug|Any CPU
		Release|Any CPU = Release|Any CPU
	EndGlobalSection
	GlobalSection(ProjectConfigurationPlatforms) = postSolution
		{F1485CF7-3DEC-499D-BBCB-A402E77260B9}.Debug|Any CPU.ActiveCfg = Debug|Any CPU
		{F1485CF7-3DEC-499D-BBCB-A402E77260B9}.Debug|Any CPU.Build.0 = Debug|Any CPU
		{F1485CF7-3DEC-499D-BBCB-A402E77260B9}.Release|Any CPU.ActiveCfg = Release|Any CPU
		{F1485CF7-3DEC-499D-BBCB-A402E77260B9}.Release|Any CPU.Build.0 = Release|Any CPU
	EndGlobalSection
	GlobalSection(SolutionProperties) = preSolution
		HideSolutionNode = FALSE
	EndGlobalSection
	GlobalSection(ExtensibilityGlobals) = postSolution
		SolutionGuid = {E4AFA089-9E0B-4DF2-BB1E-DA2A0E8138D4}
	EndGlobalSection
EndGlobal
